
Microsoft Visual Studio Solution File, Format Version 12.00
# Visual Studio Version 17
VisualStudioVersion = 17.4.33213.308
MinimumVisualStudioVersion = 10.0.40219.1
Project("{FAE04EC0-301F-11D3-BF4B-00C04F79EFBC}") = "world_cup", "world_cup\world_cup.csproj", "{F92F266A-DC57-41A2-94EA-83EF952CB931}"
EndProject
Global
	GlobalSection(SolutionConfigurationPlatforms) = preSolution
		Debug|Any CPU = Debug|Any CPU
		Release|Any CPU = Release|Any CPU
	EndGlobalSection
	GlobalSection(ProjectConfigurationPlatforms) = postSolution
		{F92F266A-DC57-41A2-94EA-83EF952CB931}.Debug|Any CPU.ActiveCfg = Debug|Any CPU
		{F92F266A-DC57-41A2-94EA-83EF952CB931}.Debug|Any CPU.Build.0 = Debug|Any CPU
		{F92F266A-DC57-41A2-94EA-83EF952CB931}.Release|Any CPU.ActiveCfg = Release|Any CPU
		{F92F266A-DC57-41A2-94EA-83EF952CB931}.Release|Any CPU.Build.0 = Release|Any CPU
	EndGlobalSection
	GlobalSection(SolutionProperties) = preSolution
		HideSolutionNode = FALSE
	EndGlobalSection
	GlobalSection(ExtensibilityGlobals) = postSolution
		SolutionGuid = {73AD6A6B-229D-4D6A-AE1F-5C4675DCA96B}
	EndGlobalSection
EndGlobal
